
Microsoft Visual Studio Solution File, Format Version 12.00
# Visual Studio Version 17
VisualStudioVersion = 17.8.34322.80
MinimumVisualStudioVersion = 10.0.40219.1
Project("{9A19103F-16F7-4668-BE54-9A1E7A4F7556}") = "APIGateway", "APIGateway\APIGateway.csproj", "{83E60A98-86A9-4790-A8CB-203CC8901F72}"
EndProject
Project("{FAE04EC0-301F-11D3-BF4B-00C04F79EFBC}") = "AuthenticationService", "AuthenticationService\AuthenticationService.csproj", "{07C21F8F-BB9E-440B-9024-BF0155B352CE}"
EndProject
Project("{E53339B2-1760-4266-BCC7-CA923CBCF16C}") = "docker-compose", "docker-compose.dcproj", "{376B5C45-D1B0-4E11-863B-E437107EAD36}"
EndProject
Global
	GlobalSection(SolutionConfigurationPlatforms) = preSolution
		Debug|Any CPU = Debug|Any CPU
		Release|Any CPU = Release|Any CPU
	EndGlobalSection
	GlobalSection(ProjectConfigurationPlatforms) = postSolution
		{83E60A98-86A9-4790-A8CB-203CC8901F72}.Debug|Any CPU.ActiveCfg = Debug|Any CPU
		{83E60A98-86A9-4790-A8CB-203CC8901F72}.Debug|Any CPU.Build.0 = Debug|Any CPU
		{83E60A98-86A9-4790-A8CB-203CC8901F72}.Release|Any CPU.ActiveCfg = Release|Any CPU
		{83E60A98-86A9-4790-A8CB-203CC8901F72}.Release|Any CPU.Build.0 = Release|Any CPU
		{07C21F8F-BB9E-440B-9024-BF0155B352CE}.Debug|Any CPU.ActiveCfg = Debug|Any CPU
		{07C21F8F-BB9E-440B-9024-BF0155B352CE}.Debug|Any CPU.Build.0 = Debug|Any CPU
		{07C21F8F-BB9E-440B-9024-BF0155B352CE}.Release|Any CPU.ActiveCfg = Release|Any CPU
		{07C21F8F-BB9E-440B-9024-BF0155B352CE}.Release|Any CPU.Build.0 = Release|Any CPU
		{376B5C45-D1B0-4E11-863B-E437107EAD36}.Debug|Any CPU.ActiveCfg = Debug|Any CPU
		{376B5C45-D1B0-4E11-863B-E437107EAD36}.Debug|Any CPU.Build.0 = Debug|Any CPU
		{376B5C45-D1B0-4E11-863B-E437107EAD36}.Release|Any CPU.ActiveCfg = Release|Any CPU
		{376B5C45-D1B0-4E11-863B-E437107EAD36}.Release|Any CPU.Build.0 = Release|Any CPU
	EndGlobalSection
	GlobalSection(SolutionProperties) = preSolution
		HideSolutionNode = FALSE
	EndGlobalSection
	GlobalSection(ExtensibilityGlobals) = postSolution
		SolutionGuid = {BA1FDCD8-DBCA-4C8E-881F-B3341EAF9915}
	EndGlobalSection
EndGlobal
